{
  "name": "homebridge-switchbot",
  "version": "0.1.0",
  "lockfileVersion": 1,
  "requires": true,
  "dependencies": {
    "switchbot": {
      "version": "0.0.4",
      "resolved": "https://registry.npmjs.org/switchbot/-/switchbot-0.0.4.tgz",
      "integrity": "sha512-eT0qp4iN4Qf8nyA5rnMb8IdJy0kidU5GmtlX0R2oyNZl+zYuzbIIMCfmsuYfn/cLx3BafO/N7zP/8Lfi8jBVWw=="
    }
  }
}
